// !$*UTF8*$!
{
	archiveVersion = 1;
	classes = {
	};
	objectVersion = 56;
	objects = {

/* Begin PBXBuildFile section */
		002E43D92985F2300050E059 /* TracifyApp.swift in Sources */ = {isa = PBXBuildFile; fileRef = 002E43D82985F2300050E059 /* TracifyApp.swift */; };
		002E43DB2985F2300050E059 /* ContentView.swift in Sources */ = {isa = PBXBuildFile; fileRef = 002E43DA2985F2300050E059 /* ContentView.swift */; };
		002E43DD2985F23A0050E059 /* Assets.xcassets in Resources */ = {isa = PBXBuildFile; fileRef = 002E43DC2985F23A0050E059 /* Assets.xcassets */; };
		002E43E02985F23A0050E059 /* Preview Assets.xcassets in Resources */ = {isa = PBXBuildFile; fileRef = 002E43DF2985F23A0050E059 /* Preview Assets.xcassets */; };
		002E43E22985F23A0050E059 /* Persistence.swift in Sources */ = {isa = PBXBuildFile; fileRef = 002E43E12985F23A0050E059 /* Persistence.swift */; };
		002E43E52985F23A0050E059 /* Tracify.xcdatamodeld in Sources */ = {isa = PBXBuildFile; fileRef = 002E43E32985F23A0050E059 /* Tracify.xcdatamodeld */; };
		002E43F32985F7600050E059 /* HomeView.swift in Sources */ = {isa = PBXBuildFile; fileRef = 002E43F22985F7600050E059 /* HomeView.swift */; };
		002E43F52985F84F0050E059 /* MapViewRepresentable.swift in Sources */ = {isa = PBXBuildFile; fileRef = 002E43F42985F84F0050E059 /* MapViewRepresentable.swift */; };
		002E43F72985FC530050E059 /* LocationManager.swift in Sources */ = {isa = PBXBuildFile; fileRef = 002E43F62985FC530050E059 /* LocationManager.swift */; };
		003542EE298609E00087B89F /* LocationSearchActivationView.swift in Sources */ = {isa = PBXBuildFile; fileRef = 003542ED298609E00087B89F /* LocationSearchActivationView.swift */; };
		003542F029860CEC0087B89F /* MapViewActionButton.swift in Sources */ = {isa = PBXBuildFile; fileRef = 003542EF29860CEC0087B89F /* MapViewActionButton.swift */; };
		003542F229860E630087B89F /* LocationSearchView.swift in Sources */ = {isa = PBXBuildFile; fileRef = 003542F129860E630087B89F /* LocationSearchView.swift */; };
/* End PBXBuildFile section */

/* Begin PBXFileReference section */
		002E43D52985F2300050E059 /* Tracify.app */ = {isa = PBXFileReference; explicitFileType = wrapper.application; includeInIndex = 0; path = Tracify.app; sourceTree = BUILT_PRODUCTS_DIR; };
		002E43D82985F2300050E059 /* TracifyApp.swift */ = {isa = PBXFileReference; lastKnownFileType = sourcecode.swift; path = TracifyApp.swift; sourceTree = "<group>"; };
		002E43DA2985F2300050E059 /* ContentView.swift */ = {isa = PBXFileReference; lastKnownFileType = sourcecode.swift; path = ContentView.swift; sourceTree = "<group>"; };
		002E43DC2985F23A0050E059 /* Assets.xcassets */ = {isa = PBXFileReference; lastKnownFileType = folder.assetcatalog; path = Assets.xcassets; sourceTree = "<group>"; };
		002E43DF2985F23A0050E059 /* Preview Assets.xcassets */ = {isa = PBXFileReference; lastKnownFileType = folder.assetcatalog; path = "Preview Assets.xcassets"; sourceTree = "<group>"; };
		002E43E12985F23A0050E059 /* Persistence.swift */ = {isa = PBXFileReference; lastKnownFileType = sourcecode.swift; path = Persistence.swift; sourceTree = "<group>"; };
		002E43E42985F23A0050E059 /* Tracify.xcdatamodel */ = {isa = PBXFileReference; lastKnownFileType = wrapper.xcdatamodel; path = Tracify.xcdatamodel; sourceTree = "<group>"; };
		002E43F22985F7600050E059 /* HomeView.swift */ = {isa = PBXFileReference; lastKnownFileType = sourcecode.swift; path = HomeView.swift; sourceTree = "<group>"; };
		002E43F42985F84F0050E059 /* MapViewRepresentable.swift */ = {isa = PBXFileReference; lastKnownFileType = sourcecode.swift; path = MapViewRepresentable.swift; sourceTree = "<group>"; };
		002E43F62985FC530050E059 /* LocationManager.swift */ = {isa = PBXFileReference; lastKnownFileType = sourcecode.swift; path = LocationManager.swift; sourceTree = "<group>"; };
		003542ED298609E00087B89F /* LocationSearchActivationView.swift */ = {isa = PBXFileReference; lastKnownFileType = sourcecode.swift; path = LocationSearchActivationView.swift; sourceTree = "<group>"; };
		003542EF29860CEC0087B89F /* MapViewActionButton.swift */ = {isa = PBXFileReference; lastKnownFileType = sourcecode.swift; path = MapViewActionButton.swift; sourceTree = "<group>"; };
		003542F129860E630087B89F /* LocationSearchView.swift */ = {isa = PBXFileReference; lastKnownFileType = sourcecode.swift; path = LocationSearchView.swift; sourceTree = "<group>"; };
/* End PBXFileReference section */

/* Begin PBXFrameworksBuildPhase section */
		002E43D22985F2300050E059 /* Frameworks */ = {
			isa = PBXFrameworksBuildPhase;
			buildActionMask = 2147483647;
			files = (
			);
			runOnlyForDeploymentPostprocessing = 0;
		};
/* End PBXFrameworksBuildPhase section */

/* Begin PBXGroup section */
		002E43CC2985F2300050E059 = {
			isa = PBXGroup;
			children = (
				002E43D72985F2300050E059 /* Tracify */,
				002E43D62985F2300050E059 /* Products */,
			);
			sourceTree = "<group>";
		};
		002E43D62985F2300050E059 /* Products */ = {
			isa = PBXGroup;
			children = (
				002E43D52985F2300050E059 /* Tracify.app */,
			);
			name = Products;
			sourceTree = "<group>";
		};
		002E43D72985F2300050E059 /* Tracify */ = {
			isa = PBXGroup;
			children = (
				002E43EF2985F65B0050E059 /* Models */,
				002E43EE2985F6550050E059 /* Managers */,
				002E43ED2985F64E0050E059 /* Extensions */,
				002E43EC2985F6490050E059 /* Core */,
				002E43EB2985F6420050E059 /* App */,
				002E43DA2985F2300050E059 /* ContentView.swift */,
				002E43DC2985F23A0050E059 /* Assets.xcassets */,
				002E43E12985F23A0050E059 /* Persistence.swift */,
				002E43E32985F23A0050E059 /* Tracify.xcdatamodeld */,
				002E43DE2985F23A0050E059 /* Preview Content */,
			);
			path = Tracify;
			sourceTree = "<group>";
		};
		002E43DE2985F23A0050E059 /* Preview Content */ = {
			isa = PBXGroup;
			children = (
				002E43DF2985F23A0050E059 /* Preview Assets.xcassets */,
			);
			path = "Preview Content";
			sourceTree = "<group>";
		};
		002E43EB2985F6420050E059 /* App */ = {
			isa = PBXGroup;
			children = (
				002E43D82985F2300050E059 /* TracifyApp.swift */,
			);
			path = App;
			sourceTree = "<group>";
		};
		002E43EC2985F6490050E059 /* Core */ = {
			isa = PBXGroup;
			children = (
				003542EA2986094B0087B89F /* LocationSearch */,
				003542E92986092E0087B89F /* Home */,
			);
			path = Core;
			sourceTree = "<group>";
		};
		002E43ED2985F64E0050E059 /* Extensions */ = {
			isa = PBXGroup;
			children = (
			);
			path = Extensions;
			sourceTree = "<group>";
		};
		002E43EE2985F6550050E059 /* Managers */ = {
			isa = PBXGroup;
			children = (
				002E43F62985FC530050E059 /* LocationManager.swift */,
			);
			path = Managers;
			sourceTree = "<group>";
		};
		002E43EF2985F65B0050E059 /* Models */ = {
			isa = PBXGroup;
			children = (
			);
			path = Models;
			sourceTree = "<group>";
		};
		002E43F02985F7370050E059 /* ViewModels */ = {
			isa = PBXGroup;
			children = (
			);
			path = ViewModels;
			sourceTree = "<group>";
		};
		002E43F12985F7420050E059 /* Views */ = {
			isa = PBXGroup;
			children = (
				002E43F22985F7600050E059 /* HomeView.swift */,
				002E43F42985F84F0050E059 /* MapViewRepresentable.swift */,
				003542EF29860CEC0087B89F /* MapViewActionButton.swift */,
			);
			path = Views;
			sourceTree = "<group>";
		};
		003542E92986092E0087B89F /* Home */ = {
			isa = PBXGroup;
			children = (
				002E43F12985F7420050E059 /* Views */,
				002E43F02985F7370050E059 /* ViewModels */,
			);
			path = Home;
			sourceTree = "<group>";
		};
		003542EA2986094B0087B89F /* LocationSearch */ = {
			isa = PBXGroup;
			children = (
				003542EC298609C20087B89F /* ViewModel */,
				003542EB298609BC0087B89F /* Views */,
			);
			path = LocationSearch;
			sourceTree = "<group>";
		};
		003542EB298609BC0087B89F /* Views */ = {
			isa = PBXGroup;
			children = (
				003542ED298609E00087B89F /* LocationSearchActivationView.swift */,
				003542F129860E630087B89F /* LocationSearchView.swift */,
			);
			path = Views;
			sourceTree = "<group>";
		};
		003542EC298609C20087B89F /* ViewModel */ = {
			isa = PBXGroup;
			children = (
			);
			path = ViewModel;
			sourceTree = "<group>";
		};
/* End PBXGroup section */

/* Begin PBXNativeTarget section */
		002E43D42985F2300050E059 /* Tracify */ = {
			isa = PBXNativeTarget;
			buildConfigurationList = 002E43E82985F23A0050E059 /* Build configuration list for PBXNativeTarget "Tracify" */;
			buildPhases = (
				002E43D12985F2300050E059 /* Sources */,
				002E43D22985F2300050E059 /* Frameworks */,
				002E43D32985F2300050E059 /* Resources */,
			);
			buildRules = (
			);
			dependencies = (
			);
			name = Tracify;
			productName = Tracify;
			productReference = 002E43D52985F2300050E059 /* Tracify.app */;
			productType = "com.apple.product-type.application";
		};
/* End PBXNativeTarget section */

/* Begin PBXProject section */
		002E43CD2985F2300050E059 /* Project object */ = {
			isa = PBXProject;
			attributes = {
				BuildIndependentTargetsInParallel = 1;
				LastSwiftUpdateCheck = 1410;
				LastUpgradeCheck = 1410;
				TargetAttributes = {
					002E43D42985F2300050E059 = {
						CreatedOnToolsVersion = 14.1;
					};
				};
			};
			buildConfigurationList = 002E43D02985F2300050E059 /* Build configuration list for PBXProject "Tracify" */;
			compatibilityVersion = "Xcode 14.0";
			developmentRegion = en;
			hasScannedForEncodings = 0;
			knownRegions = (
				en,
				Base,
			);
			mainGroup = 002E43CC2985F2300050E059;
			productRefGroup = 002E43D62985F2300050E059 /* Products */;
			projectDirPath = "";
			projectRoot = "";
			targets = (
				002E43D42985F2300050E059 /* Tracify */,
			);
		};
/* End PBXProject section */

/* Begin PBXResourcesBuildPhase section */
		002E43D32985F2300050E059 /* Resources */ = {
			isa = PBXResourcesBuildPhase;
			buildActionMask = 2147483647;
			files = (
				002E43E02985F23A0050E059 /* Preview Assets.xcassets in Resources */,
				002E43DD2985F23A0050E059 /* Assets.xcassets in Resources */,
			);
			runOnlyForDeploymentPostprocessing = 0;
		};
/* End PBXResourcesBuildPhase section */

/* Begin PBXSourcesBuildPhase section */
		002E43D12985F2300050E059 /* Sources */ = {
			isa = PBXSourcesBuildPhase;
			buildActionMask = 2147483647;
			files = (
				003542EE298609E00087B89F /* LocationSearchActivationView.swift in Sources */,
				003542F029860CEC0087B89F /* MapViewActionButton.swift in Sources */,
				002E43E22985F23A0050E059 /* Persistence.swift in Sources */,
				002E43DB2985F2300050E059 /* ContentView.swift in Sources */,
				002E43E52985F23A0050E059 /* Tracify.xcdatamodeld in Sources */,
				003542F229860E630087B89F /* LocationSearchView.swift in Sources */,
				002E43F72985FC530050E059 /* LocationManager.swift in Sources */,
				002E43F32985F7600050E059 /* HomeView.swift in Sources */,
				002E43F52985F84F0050E059 /* MapViewRepresentable.swift in Sources */,
				002E43D92985F2300050E059 /* TracifyApp.swift in Sources */,
			);
			runOnlyForDeploymentPostprocessing = 0;
		};
/* End PBXSourcesBuildPhase section */

/* Begin XCBuildConfiguration section */
		002E43E62985F23A0050E059 /* Debug */ = {
			isa = XCBuildConfiguration;
			buildSettings = {
				ALWAYS_SEARCH_USER_PATHS = NO;
				CLANG_ANALYZER_NONNULL = YES;
				CLANG_ANALYZER_NUMBER_OBJECT_CONVERSION = YES_AGGRESSIVE;
				CLANG_CXX_LANGUAGE_STANDARD = "gnu++20";
				CLANG_ENABLE_MODULES = YES;
				CLANG_ENABLE_OBJC_ARC = YES;
				CLANG_ENABLE_OBJC_WEAK = YES;
				CLANG_WARN_BLOCK_CAPTURE_AUTORELEASING = YES;
				CLANG_WARN_BOOL_CONVERSION = YES;
				CLANG_WARN_COMMA = YES;
				CLANG_WARN_CONSTANT_CONVERSION = YES;
				CLANG_WARN_DEPRECATED_OBJC_IMPLEMENTATIONS = YES;
				CLANG_WARN_DIRECT_OBJC_ISA_USAGE = YES_ERROR;
				CLANG_WARN_DOCUMENTATION_COMMENTS = YES;
				CLANG_WARN_EMPTY_BODY = YES;
				CLANG_WARN_ENUM_CONVERSION = YES;
				CLANG_WARN_INFINITE_RECURSION = YES;
				CLANG_WARN_INT_CONVERSION = YES;
				CLANG_WARN_NON_LITERAL_NULL_CONVERSION = YES;
				CLANG_WARN_OBJC_IMPLICIT_RETAIN_SELF = YES;
				CLANG_WARN_OBJC_LITERAL_CONVERSION = YES;
				CLANG_WARN_OBJC_ROOT_CLASS = YES_ERROR;
				CLANG_WARN_QUOTED_INCLUDE_IN_FRAMEWORK_HEADER = YES;
				CLANG_WARN_RANGE_LOOP_ANALYSIS = YES;
				CLANG_WARN_STRICT_PROTOTYPES = YES;
				CLANG_WARN_SUSPICIOUS_MOVE = YES;
				CLANG_WARN_UNGUARDED_AVAILABILITY = YES_AGGRESSIVE;
				CLANG_WARN_UNREACHABLE_CODE = YES;
				CLANG_WARN__DUPLICATE_METHOD_MATCH = YES;
				COPY_PHASE_STRIP = NO;
				DEBUG_INFORMATION_FORMAT = dwarf;
				ENABLE_STRICT_OBJC_MSGSEND = YES;
				ENABLE_TESTABILITY = YES;
				GCC_C_LANGUAGE_STANDARD = gnu11;
				GCC_DYNAMIC_NO_PIC = NO;
				GCC_NO_COMMON_BLOCKS = YES;
				GCC_OPTIMIZATION_LEVEL = 0;
				GCC_PREPROCESSOR_DEFINITIONS = (
					"DEBUG=1",
					"$(inherited)",
				);
				GCC_WARN_64_TO_32_BIT_CONVERSION = YES;
				GCC_WARN_ABOUT_RETURN_TYPE = YES_ERROR;
				GCC_WARN_UNDECLARED_SELECTOR = YES;
				GCC_WARN_UNINITIALIZED_AUTOS = YES_AGGRESSIVE;
				GCC_WARN_UNUSED_FUNCTION = YES;
				GCC_WARN_UNUSED_VARIABLE = YES;
				IPHONEOS_DEPLOYMENT_TARGET = 16.1;
				MTL_ENABLE_DEBUG_INFO = INCLUDE_SOURCE;
				MTL_FAST_MATH = YES;
				ONLY_ACTIVE_ARCH = YES;
				SDKROOT = iphoneos;
				SWIFT_ACTIVE_COMPILATION_CONDITIONS = DEBUG;
				SWIFT_OPTIMIZATION_LEVEL = "-Onone";
			};
			name = Debug;
		};
		002E43E72985F23A0050E059 /* Release */ = {
			isa = XCBuildConfiguration;
			buildSettings = {
				ALWAYS_SEARCH_USER_PATHS = NO;
				CLANG_ANALYZER_NONNULL = YES;
				CLANG_ANALYZER_NUMBER_OBJECT_CONVERSION = YES_AGGRESSIVE;
				CLANG_CXX_LANGUAGE_STANDARD = "gnu++20";
				CLANG_ENABLE_MODULES = YES;
				CLANG_ENABLE_OBJC_ARC = YES;
				CLANG_ENABLE_OBJC_WEAK = YES;
				CLANG_WARN_BLOCK_CAPTURE_AUTORELEASING = YES;
				CLANG_WARN_BOOL_CONVERSION = YES;
				CLANG_WARN_COMMA = YES;
				CLANG_WARN_CONSTANT_CONVERSION = YES;
				CLANG_WARN_DEPRECATED_OBJC_IMPLEMENTATIONS = YES;
				CLANG_WARN_DIRECT_OBJC_ISA_USAGE = YES_ERROR;
				CLANG_WARN_DOCUMENTATION_COMMENTS = YES;
				CLANG_WARN_EMPTY_BODY = YES;
				CLANG_WARN_ENUM_CONVERSION = YES;
				CLANG_WARN_INFINITE_RECURSION = YES;
				CLANG_WARN_INT_CONVERSION = YES;
				CLANG_WARN_NON_LITERAL_NULL_CONVERSION = YES;
				CLANG_WARN_OBJC_IMPLICIT_RETAIN_SELF = YES;
				CLANG_WARN_OBJC_LITERAL_CONVERSION = YES;
				CLANG_WARN_OBJC_ROOT_CLASS = YES_ERROR;
				CLANG_WARN_QUOTED_INCLUDE_IN_FRAMEWORK_HEADER = YES;
				CLANG_WARN_RANGE_LOOP_ANALYSIS = YES;
				CLANG_WARN_STRICT_PROTOTYPES = YES;
				CLANG_WARN_SUSPICIOUS_MOVE = YES;
				CLANG_WARN_UNGUARDED_AVAILABILITY = YES_AGGRESSIVE;
				CLANG_WARN_UNREACHABLE_CODE = YES;
				CLANG_WARN__DUPLICATE_METHOD_MATCH = YES;
				COPY_PHASE_STRIP = NO;
				DEBUG_INFORMATION_FORMAT = "dwarf-with-dsym";
				ENABLE_NS_ASSERTIONS = NO;
				ENABLE_STRICT_OBJC_MSGSEND = YES;
				GCC_C_LANGUAGE_STANDARD = gnu11;
				GCC_NO_COMMON_BLOCKS = YES;
				GCC_WARN_64_TO_32_BIT_CONVERSION = YES;
				GCC_WARN_ABOUT_RETURN_TYPE = YES_ERROR;
				GCC_WARN_UNDECLARED_SELECTOR = YES;
				GCC_WARN_UNINITIALIZED_AUTOS = YES_AGGRESSIVE;
				GCC_WARN_UNUSED_FUNCTION = YES;
				GCC_WARN_UNUSED_VARIABLE = YES;
				IPHONEOS_DEPLOYMENT_TARGET = 16.1;
				MTL_ENABLE_DEBUG_INFO = NO;
				MTL_FAST_MATH = YES;
				SDKROOT = iphoneos;
				SWIFT_COMPILATION_MODE = wholemodule;
				SWIFT_OPTIMIZATION_LEVEL = "-O";
				VALIDATE_PRODUCT = YES;
			};
			name = Release;
		};
		002E43E92985F23A0050E059 /* Debug */ = {
			isa = XCBuildConfiguration;
			buildSettings = {
				ASSETCATALOG_COMPILER_APPICON_NAME = AppIcon;
				ASSETCATALOG_COMPILER_GLOBAL_ACCENT_COLOR_NAME = AccentColor;
				CODE_SIGN_STYLE = Automatic;
				CURRENT_PROJECT_VERSION = 1;
				DEVELOPMENT_ASSET_PATHS = "\"Tracify/Preview Content\"";
				ENABLE_PREVIEWS = YES;
				GENERATE_INFOPLIST_FILE = YES;
				INFOPLIST_KEY_NSLocationWhenInUseUsageDescription = "Please allow us to access your location to find nearby reported items";
				INFOPLIST_KEY_UIApplicationSceneManifest_Generation = YES;
				INFOPLIST_KEY_UIApplicationSupportsIndirectInputEvents = YES;
				INFOPLIST_KEY_UILaunchScreen_Generation = YES;
				INFOPLIST_KEY_UISupportedInterfaceOrientations_iPad = "UIInterfaceOrientationPortrait UIInterfaceOrientationPortraitUpsideDown UIInterfaceOrientationLandscapeLeft UIInterfaceOrientationLandscapeRight";
				INFOPLIST_KEY_UISupportedInterfaceOrientations_iPhone = "UIInterfaceOrientationPortrait UIInterfaceOrientationLandscapeLeft UIInterfaceOrientationLandscapeRight";
				LD_RUNPATH_SEARCH_PATHS = (
					"$(inherited)",
					"@executable_path/Frameworks",
				);
				MARKETING_VERSION = 1.0;
				PRODUCT_BUNDLE_IDENTIFIER = com.jennalee.Tracify;
				PRODUCT_NAME = "$(TARGET_NAME)";
				SWIFT_EMIT_LOC_STRINGS = YES;
				SWIFT_VERSION = 5.0;
				TARGETED_DEVICE_FAMILY = "1,2";
			};
			name = Debug;
		};
		002E43EA2985F23A0050E059 /* Release */ = {
			isa = XCBuildConfiguration;
			buildSettings = {
				ASSETCATALOG_COMPILER_APPICON_NAME = AppIcon;
				ASSETCATALOG_COMPILER_GLOBAL_ACCENT_COLOR_NAME = AccentColor;
				CODE_SIGN_STYLE = Automatic;
				CURRENT_PROJECT_VERSION = 1;
				DEVELOPMENT_ASSET_PATHS = "\"Tracify/Preview Content\"";
				ENABLE_PREVIEWS = YES;
				GENERATE_INFOPLIST_FILE = YES;
				INFOPLIST_KEY_NSLocationWhenInUseUsageDescription = "Please allow us to access your location to find nearby reported items";
				INFOPLIST_KEY_UIApplicationSceneManifest_Generation = YES;
				INFOPLIST_KEY_UIApplicationSupportsIndirectInputEvents = YES;
				INFOPLIST_KEY_UILaunchScreen_Generation = YES;
				INFOPLIST_KEY_UISupportedInterfaceOrientations_iPad = "UIInterfaceOrientationPortrait UIInterfaceOrientationPortraitUpsideDown UIInterfaceOrientationLandscapeLeft UIInterfaceOrientationLandscapeRight";
				INFOPLIST_KEY_UISupportedInterfaceOrientations_iPhone = "UIInterfaceOrientationPortrait UIInterfaceOrientationLandscapeLeft UIInterfaceOrientationLandscapeRight";
				LD_RUNPATH_SEARCH_PATHS = (
					"$(inherited)",
					"@executable_path/Frameworks",
				);
				MARKETING_VERSION = 1.0;
				PRODUCT_BUNDLE_IDENTIFIER = com.jennalee.Tracify;
				PRODUCT_NAME = "$(TARGET_NAME)";
				SWIFT_EMIT_LOC_STRINGS = YES;
				SWIFT_VERSION = 5.0;
				TARGETED_DEVICE_FAMILY = "1,2";
			};
			name = Release;
		};
/* End XCBuildConfiguration section */

/* Begin XCConfigurationList section */
		002E43D02985F2300050E059 /* Build configuration list for PBXProject "Tracify" */ = {
			isa = XCConfigurationList;
			buildConfigurations = (
				002E43E62985F23A0050E059 /* Debug */,
				002E43E72985F23A0050E059 /* Release */,
			);
			defaultConfigurationIsVisible = 0;
			defaultConfigurationName = Release;
		};
		002E43E82985F23A0050E059 /* Build configuration list for PBXNativeTarget "Tracify" */ = {
			isa = XCConfigurationList;
			buildConfigurations = (
				002E43E92985F23A0050E059 /* Debug */,
				002E43EA2985F23A0050E059 /* Release */,
			);
			defaultConfigurationIsVisible = 0;
			defaultConfigurationName = Release;
		};
/* End XCConfigurationList section */

/* Begin XCVersionGroup section */
		002E43E32985F23A0050E059 /* Tracify.xcdatamodeld */ = {
			isa = XCVersionGroup;
			children = (
				002E43E42985F23A0050E059 /* Tracify.xcdatamodel */,
			);
			currentVersion = 002E43E42985F23A0050E059 /* Tracify.xcdatamodel */;
			path = Tracify.xcdatamodeld;
			sourceTree = "<group>";
			versionGroupType = wrapper.xcdatamodel;
		};
/* End XCVersionGroup section */
	};
	rootObject = 002E43CD2985F2300050E059 /* Project object */;
}
